
Microsoft Visual Studio Solution File, Format Version 12.00
# Visual Studio Version 16
VisualStudioVersion = 16.0.30907.101
MinimumVisualStudioVersion = 10.0.40219.1
Project("{FAE04EC0-301F-11D3-BF4B-00C04F79EFBC}") = "ClassMetotDemo", "ClassMetotDemo\ClassMetotDemo.csproj", "{4859F557-86BF-4B56-AEFC-2189B414A796}"
EndProject
Global
	GlobalSection(SolutionConfigurationPlatforms) = preSolution
		Debug|Any CPU = Debug|Any CPU
		Release|Any CPU = Release|Any CPU
	EndGlobalSection
	GlobalSection(ProjectConfigurationPlatforms) = postSolution
		{4859F557-86BF-4B56-AEFC-2189B414A796}.Debug|Any CPU.ActiveCfg = Debug|Any CPU
		{4859F557-86BF-4B56-AEFC-2189B414A796}.Debug|Any CPU.Build.0 = Debug|Any CPU
		{4859F557-86BF-4B56-AEFC-2189B414A796}.Release|Any CPU.ActiveCfg = Release|Any CPU
		{4859F557-86BF-4B56-AEFC-2189B414A796}.Release|Any CPU.Build.0 = Release|Any CPU
	EndGlobalSection
	GlobalSection(SolutionProperties) = preSolution
		HideSolutionNode = FALSE
	EndGlobalSection
	GlobalSection(ExtensibilityGlobals) = postSolution
		SolutionGuid = {56609C5B-0AB3-4953-B49A-C8287B02CBBC}
	EndGlobalSection
EndGlobal
